
Microsoft Visual Studio Solution File, Format Version 12.00
# Visual Studio Version 16
VisualStudioVersion = 16.0.30114.105
MinimumVisualStudioVersion = 10.0.40219.1
Project("{FAE04EC0-301F-11D3-BF4B-00C04F79EFBC}") = "EduRepository", "EduModel\EduRepository.csproj", "{96EF95AD-A8A8-41C5-887E-4467808D4CF3}"
EndProject
Project("{FAE04EC0-301F-11D3-BF4B-00C04F79EFBC}") = "EduWeb", "EduWeb\EduWeb.csproj", "{1DB2542E-45A2-49BD-B0B5-2232B0395167}"
EndProject
Global
	GlobalSection(SolutionConfigurationPlatforms) = preSolution
		Debug|Any CPU = Debug|Any CPU
		Release|Any CPU = Release|Any CPU
	EndGlobalSection
	GlobalSection(ProjectConfigurationPlatforms) = postSolution
		{96EF95AD-A8A8-41C5-887E-4467808D4CF3}.Debug|Any CPU.ActiveCfg = Debug|Any CPU
		{96EF95AD-A8A8-41C5-887E-4467808D4CF3}.Debug|Any CPU.Build.0 = Debug|Any CPU
		{96EF95AD-A8A8-41C5-887E-4467808D4CF3}.Release|Any CPU.ActiveCfg = Release|Any CPU
		{96EF95AD-A8A8-41C5-887E-4467808D4CF3}.Release|Any CPU.Build.0 = Release|Any CPU
		{1DB2542E-45A2-49BD-B0B5-2232B0395167}.Debug|Any CPU.ActiveCfg = Debug|Any CPU
		{1DB2542E-45A2-49BD-B0B5-2232B0395167}.Debug|Any CPU.Build.0 = Debug|Any CPU
		{1DB2542E-45A2-49BD-B0B5-2232B0395167}.Release|Any CPU.ActiveCfg = Release|Any CPU
		{1DB2542E-45A2-49BD-B0B5-2232B0395167}.Release|Any CPU.Build.0 = Release|Any CPU
	EndGlobalSection
	GlobalSection(SolutionProperties) = preSolution
		HideSolutionNode = FALSE
	EndGlobalSection
	GlobalSection(ExtensibilityGlobals) = postSolution
		SolutionGuid = {7BFF252E-4185-4230-82D1-C28713526661}
	EndGlobalSection
EndGlobal
